{
  "name": "sumoaws",
  "version": "1.0.0",
  "lockfileVersion": 1,
  "requires": true,
  "dependencies": {
    "addressit": {
      "version": "1.7.0",
      "resolved": "https://registry.npmjs.org/addressit/-/addressit-1.7.0.tgz",
      "integrity": "sha512-tbyGHuOqxlLy7AWYM9UAraELb6Zguk96gYtltC7+TlhcYRykPLIA0otB9OFosFEft+Qei+PPLPLey1k1LZ+rHA==",
      "requires": {
        "cog": "^1.0.0"
      }
    },
    "async": {
      "version": "1.0.0",
      "resolved": "https://registry.npmjs.org/async/-/async-1.0.0.tgz",
      "integrity": "sha1-+PwEyjoTeErenhZBr5hXjPvWR6k="
    },
    "chrono-node": {
      "version": "1.3.11",
      "resolved": "https://registry.npmjs.org/chrono-node/-/chrono-node-1.3.11.tgz",
      "integrity": "sha512-jDWRnY6nYvzfV3HPYBqo+tot7tcsUs9i3arGbMdI0TouPSXP2C2y/Ctp27rxKTQDi6yuTxAB2cw+Q6igGhOhdQ==",
      "requires": {
        "moment": "2.21.0"
      }
    },
    "cog": {
      "version": "1.1.0",
      "resolved": "https://registry.npmjs.org/cog/-/cog-1.1.0.tgz",
      "integrity": "sha1-v/MfgTt96u1a2Gi/42Ty/5r+ELM="
    },
    "colors": {
      "version": "1.0.3",
      "resolved": "https://registry.npmjs.org/colors/-/colors-1.0.3.tgz",
      "integrity": "sha1-BDP0TYCWgP3rYO0mDxsMJi6CpAs="
    },
    "cycle": {
      "version": "1.0.3",
      "resolved": "https://registry.npmjs.org/cycle/-/cycle-1.0.3.tgz",
      "integrity": "sha1-IegLK+hYD5i0aPN5QwZisEbDStI="
    },
    "eyes": {
      "version": "0.1.8",
      "resolved": "https://registry.npmjs.org/eyes/-/eyes-0.1.8.tgz",
      "integrity": "sha1-Ys8SAjTGg3hdkCNIqADvPgzCC8A="
    },
    "google-libphonenumber": {
      "version": "2.0.19",
      "resolved": "https://registry.npmjs.org/google-libphonenumber/-/google-libphonenumber-2.0.19.tgz",
      "integrity": "sha512-kwtbruT+eyiof081cxT1tltMTxgTOq3CQhUoEYBROC+vNf+COPqzfKJtVnDvgXQe4SzfbnAYkP8KoSpbJBIlSg=="
    },
    "humanname": {
      "version": "0.2.2",
      "resolved": "https://registry.npmjs.org/humanname/-/humanname-0.2.2.tgz",
      "integrity": "sha1-ZTcbrt36ROdXMxOazxO4DiByPG4="
    },
    "isstream": {
      "version": "0.1.2",
      "resolved": "https://registry.npmjs.org/isstream/-/isstream-0.1.2.tgz",
      "integrity": "sha1-R+Y/evVa+m+S4VAOaQ64uFKcCZo="
    },
    "jsonframe-cheerio": {
      "version": "3.0.1",
      "resolved": "https://registry.npmjs.org/jsonframe-cheerio/-/jsonframe-cheerio-3.0.1.tgz",
      "integrity": "sha1-O3BnG9r5ThJwrowkEKbajc9vVWs=",
      "requires": {
        "addressit": "^1.4.0",
        "chrono-node": "^1.2.5",
        "google-libphonenumber": "^2.0.9",
        "humanname": "^0.2.2",
        "lodash": "^4.17.4",
        "winston": "^2.3.1"
      }
    },
    "lodash": {
      "version": "4.17.11",
      "resolved": "https://registry.npmjs.org/lodash/-/lodash-4.17.11.tgz",
      "integrity": "sha512-cQKh8igo5QUhZ7lg38DYWAxMvjSAKG0A8wGSVimP07SIUEK2UO+arSRKbRZWtelMtN5V0Hkwh5ryOto/SshYIg=="
    },
    "moment": {
      "version": "2.21.0",
      "resolved": "https://registry.npmjs.org/moment/-/moment-2.21.0.tgz",
      "integrity": "sha512-TCZ36BjURTeFTM/CwRcViQlfkMvL1/vFISuNLO5GkcVm1+QHfbSiNqZuWeMFjj1/3+uAjXswgRk30j1kkLYJBQ=="
    },
    "stack-trace": {
      "version": "0.0.10",
      "resolved": "https://registry.npmjs.org/stack-trace/-/stack-trace-0.0.10.tgz",
      "integrity": "sha1-VHxws0fo0ytOEI6hoqFZ5f3eGcA="
    },
    "winston": {
      "version": "2.4.4",
      "resolved": "https://registry.npmjs.org/winston/-/winston-2.4.4.tgz",
      "integrity": "sha512-NBo2Pepn4hK4V01UfcWcDlmiVTs7VTB1h7bgnB0rgP146bYhMxX0ypCz3lBOfNxCO4Zuek7yeT+y/zM1OfMw4Q==",
      "requires": {
        "async": "~1.0.0",
        "colors": "1.0.x",
        "cycle": "1.0.x",
        "eyes": "0.1.x",
        "isstream": "0.1.x",
        "stack-trace": "0.0.x"
      }
    }
  }
}
